
Microsoft Visual Studio Solution File, Format Version 12.00
# Visual Studio Version 16
VisualStudioVersion = 16.0.29102.190
MinimumVisualStudioVersion = 10.0.40219.1
Project("{8BC9CEB8-8B4A-11D0-8D11-00A0C91BC942}") = "cpp_ch3_1_1_RacingCar", "cpp_ch3_1_1_RacingCar\cpp_ch3_1_1_RacingCar.vcxproj", "{CFC3A737-CE4F-45F7-B6B8-260B0F44F06A}"
EndProject
Global
	GlobalSection(SolutionConfigurationPlatforms) = preSolution
		Debug|x64 = Debug|x64
		Debug|x86 = Debug|x86
		Release|x64 = Release|x64
		Release|x86 = Release|x86
	EndGlobalSection
	GlobalSection(ProjectConfigurationPlatforms) = postSolution
		{CFC3A737-CE4F-45F7-B6B8-260B0F44F06A}.Debug|x64.ActiveCfg = Debug|x64
		{CFC3A737-CE4F-45F7-B6B8-260B0F44F06A}.Debug|x64.Build.0 = Debug|x64
		{CFC3A737-CE4F-45F7-B6B8-260B0F44F06A}.Debug|x86.ActiveCfg = Debug|Win32
		{CFC3A737-CE4F-45F7-B6B8-260B0F44F06A}.Debug|x86.Build.0 = Debug|Win32
		{CFC3A737-CE4F-45F7-B6B8-260B0F44F06A}.Release|x64.ActiveCfg = Release|x64
		{CFC3A737-CE4F-45F7-B6B8-260B0F44F06A}.Release|x64.Build.0 = Release|x64
		{CFC3A737-CE4F-45F7-B6B8-260B0F44F06A}.Release|x86.ActiveCfg = Release|Win32
		{CFC3A737-CE4F-45F7-B6B8-260B0F44F06A}.Release|x86.Build.0 = Release|Win32
	EndGlobalSection
	GlobalSection(SolutionProperties) = preSolution
		HideSolutionNode = FALSE
	EndGlobalSection
	GlobalSection(ExtensibilityGlobals) = postSolution
		SolutionGuid = {34E28AFA-95B3-4387-A6D2-41D61BFF1335}
	EndGlobalSection
EndGlobal
