
Microsoft Visual Studio Solution File, Format Version 12.00
# Visual Studio Version 16
VisualStudioVersion = 16.0.29102.190
MinimumVisualStudioVersion = 10.0.40219.1
Project("{8BC9CEB8-8B4A-11D0-8D11-00A0C91BC942}") = "cpp_ch3_1_ex1", "cpp_ch3_1_ex1\cpp_ch3_1_ex1.vcxproj", "{26502481-4760-4C15-80A9-4D4DAEFCBD96}"
EndProject
Global
	GlobalSection(SolutionConfigurationPlatforms) = preSolution
		Debug|x64 = Debug|x64
		Debug|x86 = Debug|x86
		Release|x64 = Release|x64
		Release|x86 = Release|x86
	EndGlobalSection
	GlobalSection(ProjectConfigurationPlatforms) = postSolution
		{26502481-4760-4C15-80A9-4D4DAEFCBD96}.Debug|x64.ActiveCfg = Debug|x64
		{26502481-4760-4C15-80A9-4D4DAEFCBD96}.Debug|x64.Build.0 = Debug|x64
		{26502481-4760-4C15-80A9-4D4DAEFCBD96}.Debug|x86.ActiveCfg = Debug|Win32
		{26502481-4760-4C15-80A9-4D4DAEFCBD96}.Debug|x86.Build.0 = Debug|Win32
		{26502481-4760-4C15-80A9-4D4DAEFCBD96}.Release|x64.ActiveCfg = Release|x64
		{26502481-4760-4C15-80A9-4D4DAEFCBD96}.Release|x64.Build.0 = Release|x64
		{26502481-4760-4C15-80A9-4D4DAEFCBD96}.Release|x86.ActiveCfg = Release|Win32
		{26502481-4760-4C15-80A9-4D4DAEFCBD96}.Release|x86.Build.0 = Release|Win32
	EndGlobalSection
	GlobalSection(SolutionProperties) = preSolution
		HideSolutionNode = FALSE
	EndGlobalSection
	GlobalSection(ExtensibilityGlobals) = postSolution
		SolutionGuid = {553CB04B-5FD9-423B-B9DF-06B853109A01}
	EndGlobalSection
EndGlobal
