
Microsoft Visual Studio Solution File, Format Version 12.00
# Visual Studio Version 16
VisualStudioVersion = 16.0.29102.190
MinimumVisualStudioVersion = 10.0.40219.1
Project("{8BC9CEB8-8B4A-11D0-8D11-00A0C91BC942}") = "cpp_ch1_3_ex1", "cpp_ch1_3_ex1\cpp_ch1_3_ex1.vcxproj", "{BEBBC49A-1DE9-4C83-BA5B-686C238526A4}"
EndProject
Global
	GlobalSection(SolutionConfigurationPlatforms) = preSolution
		Debug|x64 = Debug|x64
		Debug|x86 = Debug|x86
		Release|x64 = Release|x64
		Release|x86 = Release|x86
	EndGlobalSection
	GlobalSection(ProjectConfigurationPlatforms) = postSolution
		{BEBBC49A-1DE9-4C83-BA5B-686C238526A4}.Debug|x64.ActiveCfg = Debug|x64
		{BEBBC49A-1DE9-4C83-BA5B-686C238526A4}.Debug|x64.Build.0 = Debug|x64
		{BEBBC49A-1DE9-4C83-BA5B-686C238526A4}.Debug|x86.ActiveCfg = Debug|Win32
		{BEBBC49A-1DE9-4C83-BA5B-686C238526A4}.Debug|x86.Build.0 = Debug|Win32
		{BEBBC49A-1DE9-4C83-BA5B-686C238526A4}.Release|x64.ActiveCfg = Release|x64
		{BEBBC49A-1DE9-4C83-BA5B-686C238526A4}.Release|x64.Build.0 = Release|x64
		{BEBBC49A-1DE9-4C83-BA5B-686C238526A4}.Release|x86.ActiveCfg = Release|Win32
		{BEBBC49A-1DE9-4C83-BA5B-686C238526A4}.Release|x86.Build.0 = Release|Win32
	EndGlobalSection
	GlobalSection(SolutionProperties) = preSolution
		HideSolutionNode = FALSE
	EndGlobalSection
	GlobalSection(ExtensibilityGlobals) = postSolution
		SolutionGuid = {AF311355-A7F3-489C-B382-A814D9B64311}
	EndGlobalSection
EndGlobal
